
Microsoft Visual Studio Solution File, Format Version 12.00
# Visual Studio Version 16
VisualStudioVersion = 16.0.32929.386
MinimumVisualStudioVersion = 10.0.40219.1
Project("{FAE04EC0-301F-11D3-BF4B-00C04F79EFBC}") = "DataLayer", "DataLayer\DataLayer.csproj", "{B6AAB6A7-B9F7-4298-B812-C535A7913EBB}"
EndProject
Project("{FAE04EC0-301F-11D3-BF4B-00C04F79EFBC}") = "BusinessLayer", "BusinessLayer\BusinessLayer.csproj", "{07D39BBB-A354-4F15-8711-D570A38057F7}"
EndProject
Project("{FAE04EC0-301F-11D3-BF4B-00C04F79EFBC}") = "QLNHANSU", "QLNHANSU\QLNHANSU.csproj", "{9209D2B9-4C83-49BA-B5AB-E7816223AB00}"
EndProject
Global
	GlobalSection(SolutionConfigurationPlatforms) = preSolution
		Debug|Any CPU = Debug|Any CPU
		Release|Any CPU = Release|Any CPU
	EndGlobalSection
	GlobalSection(ProjectConfigurationPlatforms) = postSolution
		{B6AAB6A7-B9F7-4298-B812-C535A7913EBB}.Debug|Any CPU.ActiveCfg = Debug|Any CPU
		{B6AAB6A7-B9F7-4298-B812-C535A7913EBB}.Debug|Any CPU.Build.0 = Debug|Any CPU
		{B6AAB6A7-B9F7-4298-B812-C535A7913EBB}.Release|Any CPU.ActiveCfg = Release|Any CPU
		{B6AAB6A7-B9F7-4298-B812-C535A7913EBB}.Release|Any CPU.Build.0 = Release|Any CPU
		{07D39BBB-A354-4F15-8711-D570A38057F7}.Debug|Any CPU.ActiveCfg = Debug|Any CPU
		{07D39BBB-A354-4F15-8711-D570A38057F7}.Debug|Any CPU.Build.0 = Debug|Any CPU
		{07D39BBB-A354-4F15-8711-D570A38057F7}.Release|Any CPU.ActiveCfg = Release|Any CPU
		{07D39BBB-A354-4F15-8711-D570A38057F7}.Release|Any CPU.Build.0 = Release|Any CPU
		{9209D2B9-4C83-49BA-B5AB-E7816223AB00}.Debug|Any CPU.ActiveCfg = Debug|Any CPU
		{9209D2B9-4C83-49BA-B5AB-E7816223AB00}.Debug|Any CPU.Build.0 = Debug|Any CPU
		{9209D2B9-4C83-49BA-B5AB-E7816223AB00}.Release|Any CPU.ActiveCfg = Release|Any CPU
		{9209D2B9-4C83-49BA-B5AB-E7816223AB00}.Release|Any CPU.Build.0 = Release|Any CPU
	EndGlobalSection
	GlobalSection(SolutionProperties) = preSolution
		HideSolutionNode = FALSE
	EndGlobalSection
	GlobalSection(ExtensibilityGlobals) = postSolution
		SolutionGuid = {31672065-396F-4B9D-A15C-25C05F25876D}
	EndGlobalSection
EndGlobal
